
Microsoft Visual Studio Solution File, Format Version 12.00
# Visual Studio Version 17
VisualStudioVersion = 17.14.36414.22
MinimumVisualStudioVersion = 10.0.40219.1
Project("{FAE04EC0-301F-11D3-BF4B-00C04F79EFBC}") = "BE.Common", "BE.Common\BE.Common.csproj", "{FCCCABCB-E078-43F3-B4C1-EF79DFB2D846}"
EndProject
Project("{FAE04EC0-301F-11D3-BF4B-00C04F79EFBC}") = "BE.DataAccess", "BE.DataAccess\BE.DataAccess.csproj", "{7C0BC1AC-14ED-4A8F-9A33-58FE52B7BC47}"
EndProject
Project("{FAE04EC0-301F-11D3-BF4B-00C04F79EFBC}") = "BE.ConsoleApp", "BE.ConsoleApp\BE.ConsoleApp.csproj", "{719CC71F-F347-406C-956C-687CDF7D2881}"
EndProject
Global
	GlobalSection(SolutionConfigurationPlatforms) = preSolution
		Debug|Any CPU = Debug|Any CPU
		Release|Any CPU = Release|Any CPU
	EndGlobalSection
	GlobalSection(ProjectConfigurationPlatforms) = postSolution
		{FCCCABCB-E078-43F3-B4C1-EF79DFB2D846}.Debug|Any CPU.ActiveCfg = Debug|Any CPU
		{FCCCABCB-E078-43F3-B4C1-EF79DFB2D846}.Debug|Any CPU.Build.0 = Debug|Any CPU
		{FCCCABCB-E078-43F3-B4C1-EF79DFB2D846}.Release|Any CPU.ActiveCfg = Release|Any CPU
		{FCCCABCB-E078-43F3-B4C1-EF79DFB2D846}.Release|Any CPU.Build.0 = Release|Any CPU
		{7C0BC1AC-14ED-4A8F-9A33-58FE52B7BC47}.Debug|Any CPU.ActiveCfg = Debug|Any CPU
		{7C0BC1AC-14ED-4A8F-9A33-58FE52B7BC47}.Debug|Any CPU.Build.0 = Debug|Any CPU
		{7C0BC1AC-14ED-4A8F-9A33-58FE52B7BC47}.Release|Any CPU.ActiveCfg = Release|Any CPU
		{7C0BC1AC-14ED-4A8F-9A33-58FE52B7BC47}.Release|Any CPU.Build.0 = Release|Any CPU
		{719CC71F-F347-406C-956C-687CDF7D2881}.Debug|Any CPU.ActiveCfg = Debug|Any CPU
		{719CC71F-F347-406C-956C-687CDF7D2881}.Debug|Any CPU.Build.0 = Debug|Any CPU
		{719CC71F-F347-406C-956C-687CDF7D2881}.Release|Any CPU.ActiveCfg = Release|Any CPU
		{719CC71F-F347-406C-956C-687CDF7D2881}.Release|Any CPU.Build.0 = Release|Any CPU
	EndGlobalSection
	GlobalSection(SolutionProperties) = preSolution
		HideSolutionNode = FALSE
	EndGlobalSection
	GlobalSection(ExtensibilityGlobals) = postSolution
		SolutionGuid = {86E22DBF-D440-4626-A2D2-22B0F8A7C1BF}
	EndGlobalSection
EndGlobal
